
Microsoft Visual Studio Solution File, Format Version 12.00
# Visual Studio Version 17
VisualStudioVersion = 17.13.35818.85 d17.13
MinimumVisualStudioVersion = 10.0.40219.1
Project("{FAE04EC0-301F-11D3-BF4B-00C04F79EFBC}") = "ROD_Lab1", "ROD_Lab1\ROD_Lab1.csproj", "{BDBAED47-24AD-4D12-B116-0110FFE42ABC}"
EndProject
Global
	GlobalSection(SolutionConfigurationPlatforms) = preSolution
		Debug|Any CPU = Debug|Any CPU
		Release|Any CPU = Release|Any CPU
	EndGlobalSection
	GlobalSection(ProjectConfigurationPlatforms) = postSolution
		{BDBAED47-24AD-4D12-B116-0110FFE42ABC}.Debug|Any CPU.ActiveCfg = Debug|Any CPU
		{BDBAED47-24AD-4D12-B116-0110FFE42ABC}.Debug|Any CPU.Build.0 = Debug|Any CPU
		{BDBAED47-24AD-4D12-B116-0110FFE42ABC}.Release|Any CPU.ActiveCfg = Release|Any CPU
		{BDBAED47-24AD-4D12-B116-0110FFE42ABC}.Release|Any CPU.Build.0 = Release|Any CPU
	EndGlobalSection
	GlobalSection(SolutionProperties) = preSolution
		HideSolutionNode = FALSE
	EndGlobalSection
	GlobalSection(ExtensibilityGlobals) = postSolution
		SolutionGuid = {1289C0C1-6938-4AD1-AEFC-BEF61CDF85A7}
	EndGlobalSection
EndGlobal
